// !$*UTF8*$!
{
	archiveVersion = 1;
	classes = {
	};
	objectVersion = 46;
	objects = {

/* Begin PBXBuildFile section */
		175E54D91B6BB9B7002A7CAA /* ApplicationViewController.m in Sources */ = {isa = PBXBuildFile; fileRef = 175E54D81B6BB9B7002A7CAA /* ApplicationViewController.m */; };
		175E54DB1B6BBEC8002A7CAA /* Login.storyboard in Resources */ = {isa = PBXBuildFile; fileRef = 175E54DA1B6BBEC8002A7CAA /* Login.storyboard */; };
		175E54DE1B6BDADF002A7CAA /* LoginViewController.m in Sources */ = {isa = PBXBuildFile; fileRef = 175E54DD1B6BDADF002A7CAA /* LoginViewController.m */; };
		175E54E11B6BFEB6002A7CAA /* FacebookLoginManager.m in Sources */ = {isa = PBXBuildFile; fileRef = 175E54E01B6BFEB6002A7CAA /* FacebookLoginManager.m */; };
		1760C08B1B73F5620013C287 /* BubbleAnimationView.m in Sources */ = {isa = PBXBuildFile; fileRef = 1760C08A1B73F5620013C287 /* BubbleAnimationView.m */; };
		1786506A1B697CAD00A68FF9 /* EventDetailsViewController.m in Sources */ = {isa = PBXBuildFile; fileRef = 178650691B697CAD00A68FF9 /* EventDetailsViewController.m */; };
		178650741B6ABB5500A68FF9 /* BBScrollViewPassThrough.m in Sources */ = {isa = PBXBuildFile; fileRef = 178650731B6ABB5500A68FF9 /* BBScrollViewPassThrough.m */; };
		17A915F61B67BDD4000821E2 /* MapKit.framework in Frameworks */ = {isa = PBXBuildFile; fileRef = 17A915F51B67BDD4000821E2 /* MapKit.framework */; };
		17A915FC1B67E568000821E2 /* BBAnnotation.m in Sources */ = {isa = PBXBuildFile; fileRef = 17A915FB1B67E568000821E2 /* BBAnnotation.m */; };
		8011140A1B725FD5005FF955 /* BBSearchViewPassThrough.m in Sources */ = {isa = PBXBuildFile; fileRef = 801114091B725FD5005FF955 /* BBSearchViewPassThrough.m */; };
		802273831B6A784D00C62E50 /* BBChatViewController.m in Sources */ = {isa = PBXBuildFile; fileRef = 802273821B6A784D00C62E50 /* BBChatViewController.m */; };
		802273861B6A805A00C62E50 /* BBMessage.m in Sources */ = {isa = PBXBuildFile; fileRef = 802273851B6A805A00C62E50 /* BBMessage.m */; };
		802273891B6AD81E00C62E50 /* ILTranslucentView.m in Sources */ = {isa = PBXBuildFile; fileRef = 802273881B6AD81E00C62E50 /* ILTranslucentView.m */; };
		807B38E21B73E69200B591AA /* menu.png in Resources */ = {isa = PBXBuildFile; fileRef = 807B38E11B73E69200B591AA /* menu.png */; };
		80839ADE1B697813008BBC7C /* UISearchBar+EnableReturnKey.m in Sources */ = {isa = PBXBuildFile; fileRef = 80839ADD1B697813008BBC7C /* UISearchBar+EnableReturnKey.m */; };
		8087EE1E1B66D28C009258E5 /* main.m in Sources */ = {isa = PBXBuildFile; fileRef = 8087EE1D1B66D28C009258E5 /* main.m */; };
		8087EE211B66D28C009258E5 /* AppDelegate.m in Sources */ = {isa = PBXBuildFile; fileRef = 8087EE201B66D28C009258E5 /* AppDelegate.m */; };
		8087EE241B66D28C009258E5 /* EventMapViewController.m in Sources */ = {isa = PBXBuildFile; fileRef = 8087EE231B66D28C009258E5 /* EventMapViewController.m */; };
		8087EE271B66D28C009258E5 /* Main.storyboard in Resources */ = {isa = PBXBuildFile; fileRef = 8087EE251B66D28C009258E5 /* Main.storyboard */; };
		8087EE291B66D28C009258E5 /* Images.xcassets in Resources */ = {isa = PBXBuildFile; fileRef = 8087EE281B66D28C009258E5 /* Images.xcassets */; };
		8087EE2C1B66D28C009258E5 /* LaunchScreen.xib in Resources */ = {isa = PBXBuildFile; fileRef = 8087EE2A1B66D28C009258E5 /* LaunchScreen.xib */; };
		80B152DD1B67FBDD00E31C52 /* ParseFacebookUtilsV4.framework in Frameworks */ = {isa = PBXBuildFile; fileRef = 80B152DC1B67FBDD00E31C52 /* ParseFacebookUtilsV4.framework */; };
		CC8E678B1B7543D100B1838F /* WebViewController.m in Sources */ = {isa = PBXBuildFile; fileRef = CC8E678A1B7543D100B1838F /* WebViewController.m */; };
		CCDD860C1B69122A00E6B6B0 /* AFDataStore.m in Sources */ = {isa = PBXBuildFile; fileRef = CCDD860B1B69122A00E6B6B0 /* AFDataStore.m */; };
		CCDD860F1B69125400E6B6B0 /* EventObject.m in Sources */ = {isa = PBXBuildFile; fileRef = CCDD860E1B69125400E6B6B0 /* EventObject.m */; };
		EF7ABCF22C37E8A4743BE59A /* libPods-Bubble.a in Frameworks */ = {isa = PBXBuildFile; fileRef = C0D80382B0241D03474E1872 /* libPods-Bubble.a */; };
		FC5A230C1B70625300C5061E /* Constants.m in Sources */ = {isa = PBXBuildFile; fileRef = FC5A230B1B70625300C5061E /* Constants.m */; };
		FC5BFCBE1B6A6A2300E1294A /* XMPPManager.m in Sources */ = {isa = PBXBuildFile; fileRef = FC5BFCBD1B6A6A2300E1294A /* XMPPManager.m */; };
		FC5BFCC01B6A6AC800E1294A /* libidn.a in Frameworks */ = {isa = PBXBuildFile; fileRef = FC5BFCBF1B6A6AC800E1294A /* libidn.a */; };
		FC5BFCC51B6A6B0F00E1294A /* libxml2.dylib in Frameworks */ = {isa = PBXBuildFile; fileRef = FC5BFCC11B6A6AD800E1294A /* libxml2.dylib */; };
		FC5BFCC71B6A6B2000E1294A /* libresolv.dylib in Frameworks */ = {isa = PBXBuildFile; fileRef = FC5BFCC61B6A6B2000E1294A /* libresolv.dylib */; };
		FC5BFCC81B6A6B5A00E1294A /* CFNetwork.framework in Frameworks */ = {isa = PBXBuildFile; fileRef = FC5BFCC31B6A6AEF00E1294A /* CFNetwork.framework */; };
		FC5BFCCA1B6A6B6300E1294A /* CoreData.framework in Frameworks */ = {isa = PBXBuildFile; fileRef = FC5BFCC91B6A6B6300E1294A /* CoreData.framework */; };
		FC5BFCCC1B6A6B6D00E1294A /* SystemConfiguration.framework in Frameworks */ = {isa = PBXBuildFile; fileRef = FC5BFCCB1B6A6B6D00E1294A /* SystemConfiguration.framework */; };
		FC5BFCCE1B6A6B7600E1294A /* CoreLocation.framework in Frameworks */ = {isa = PBXBuildFile; fileRef = FC5BFCCD1B6A6B7600E1294A /* CoreLocation.framework */; };
		FC688E511B7425F0003B46A9 /* ChatDataManager.m in Sources */ = {isa = PBXBuildFile; fileRef = FC688E501B7425F0003B46A9 /* ChatDataManager.m */; };
		FC688EDA1B790165003B46A9 /* FriendCell.xib in Resources */ = {isa = PBXBuildFile; fileRef = FC688ED91B790165003B46A9 /* FriendCell.xib */; };
		FC688EDD1B7901E2003B46A9 /* FriendCell.m in Sources */ = {isa = PBXBuildFile; fileRef = FC688EDC1B7901E2003B46A9 /* FriendCell.m */; };
		FC688EE01B79271A003B46A9 /* Friend.m in Sources */ = {isa = PBXBuildFile; fileRef = FC688EDF1B79271A003B46A9 /* Friend.m */; };
		FC688F071B7A3820003B46A9 /* CoreDataStack.m in Sources */ = {isa = PBXBuildFile; fileRef = FC688F061B7A3820003B46A9 /* CoreDataStack.m */; };
/* End PBXBuildFile section */

/* Begin PBXFileReference section */
		1722EE471B7101280058ED13 /* BBScrollViewNotifying.h */ = {isa = PBXFileReference; lastKnownFileType = sourcecode.c.h; path = BBScrollViewNotifying.h; sourceTree = "<group>"; };
		175E54D71B6BB9B7002A7CAA /* ApplicationViewController.h */ = {isa = PBXFileReference; fileEncoding = 4; lastKnownFileType = sourcecode.c.h; path = ApplicationViewController.h; sourceTree = "<group>"; };
		175E54D81B6BB9B7002A7CAA /* ApplicationViewController.m */ = {isa = PBXFileReference; fileEncoding = 4; lastKnownFileType = sourcecode.c.objc; path = ApplicationViewController.m; sourceTree = "<group>"; };
		175E54DA1B6BBEC8002A7CAA /* Login.storyboard */ = {isa = PBXFileReference; fileEncoding = 4; lastKnownFileType = file.storyboard; path = Login.storyboard; sourceTree = "<group>"; };
		175E54DC1B6BDADF002A7CAA /* LoginViewController.h */ = {isa = PBXFileReference; fileEncoding = 4; lastKnownFileType = sourcecode.c.h; path = LoginViewController.h; sourceTree = "<group>"; };
		175E54DD1B6BDADF002A7CAA /* LoginViewController.m */ = {isa = PBXFileReference; fileEncoding = 4; lastKnownFileType = sourcecode.c.objc; path = LoginViewController.m; sourceTree = "<group>"; };
		175E54DF1B6BFEB6002A7CAA /* FacebookLoginManager.h */ = {isa = PBXFileReference; fileEncoding = 4; lastKnownFileType = sourcecode.c.h; path = FacebookLoginManager.h; sourceTree = "<group>"; };
		175E54E01B6BFEB6002A7CAA /* FacebookLoginManager.m */ = {isa = PBXFileReference; fileEncoding = 4; lastKnownFileType = sourcecode.c.objc; path = FacebookLoginManager.m; sourceTree = "<group>"; };
		1760C0891B73F5620013C287 /* BubbleAnimationView.h */ = {isa = PBXFileReference; fileEncoding = 4; lastKnownFileType = sourcecode.c.h; path = BubbleAnimationView.h; sourceTree = "<group>"; };
		1760C08A1B73F5620013C287 /* BubbleAnimationView.m */ = {isa = PBXFileReference; fileEncoding = 4; lastKnownFileType = sourcecode.c.objc; path = BubbleAnimationView.m; sourceTree = "<group>"; };
		178650681B697CAD00A68FF9 /* EventDetailsViewController.h */ = {isa = PBXFileReference; fileEncoding = 4; lastKnownFileType = sourcecode.c.h; path = EventDetailsViewController.h; sourceTree = "<group>"; };
		178650691B697CAD00A68FF9 /* EventDetailsViewController.m */ = {isa = PBXFileReference; fileEncoding = 4; lastKnownFileType = sourcecode.c.objc; path = EventDetailsViewController.m; sourceTree = "<group>"; };
		178650721B6ABB5500A68FF9 /* BBScrollViewPassThrough.h */ = {isa = PBXFileReference; fileEncoding = 4; lastKnownFileType = sourcecode.c.h; path = BBScrollViewPassThrough.h; sourceTree = "<group>"; };
		178650731B6ABB5500A68FF9 /* BBScrollViewPassThrough.m */ = {isa = PBXFileReference; fileEncoding = 4; lastKnownFileType = sourcecode.c.objc; path = BBScrollViewPassThrough.m; sourceTree = "<group>"; };
		17A915F51B67BDD4000821E2 /* MapKit.framework */ = {isa = PBXFileReference; lastKnownFileType = wrapper.framework; name = MapKit.framework; path = System/Library/Frameworks/MapKit.framework; sourceTree = SDKROOT; };
		17A915FA1B67E568000821E2 /* BBAnnotation.h */ = {isa = PBXFileReference; fileEncoding = 4; lastKnownFileType = sourcecode.c.h; path = BBAnnotation.h; sourceTree = "<group>"; };
		17A915FB1B67E568000821E2 /* BBAnnotation.m */ = {isa = PBXFileReference; fileEncoding = 4; lastKnownFileType = sourcecode.c.objc; path = BBAnnotation.m; sourceTree = "<group>"; };
		7122C18FA6D8C5E220F46E12 /* Pods-Bubble.debug.xcconfig */ = {isa = PBXFileReference; includeInIndex = 1; lastKnownFileType = text.xcconfig; name = "Pods-Bubble.debug.xcconfig"; path = "Pods/Target Support Files/Pods-Bubble/Pods-Bubble.debug.xcconfig"; sourceTree = "<group>"; };
		801114081B725FD5005FF955 /* BBSearchViewPassThrough.h */ = {isa = PBXFileReference; fileEncoding = 4; lastKnownFileType = sourcecode.c.h; path = BBSearchViewPassThrough.h; sourceTree = "<group>"; };
		801114091B725FD5005FF955 /* BBSearchViewPassThrough.m */ = {isa = PBXFileReference; fileEncoding = 4; lastKnownFileType = sourcecode.c.objc; path = BBSearchViewPassThrough.m; sourceTree = "<group>"; };
		802273811B6A784D00C62E50 /* BBChatViewController.h */ = {isa = PBXFileReference; fileEncoding = 4; lastKnownFileType = sourcecode.c.h; path = BBChatViewController.h; sourceTree = "<group>"; };
		802273821B6A784D00C62E50 /* BBChatViewController.m */ = {isa = PBXFileReference; fileEncoding = 4; lastKnownFileType = sourcecode.c.objc; path = BBChatViewController.m; sourceTree = "<group>"; };
		802273841B6A805A00C62E50 /* BBMessage.h */ = {isa = PBXFileReference; fileEncoding = 4; lastKnownFileType = sourcecode.c.h; path = BBMessage.h; sourceTree = "<group>"; };
		802273851B6A805A00C62E50 /* BBMessage.m */ = {isa = PBXFileReference; fileEncoding = 4; lastKnownFileType = sourcecode.c.objc; path = BBMessage.m; sourceTree = "<group>"; };
		802273871B6AD81E00C62E50 /* ILTranslucentView.h */ = {isa = PBXFileReference; fileEncoding = 4; lastKnownFileType = sourcecode.c.h; path = ILTranslucentView.h; sourceTree = "<group>"; };
		802273881B6AD81E00C62E50 /* ILTranslucentView.m */ = {isa = PBXFileReference; fileEncoding = 4; lastKnownFileType = sourcecode.c.objc; path = ILTranslucentView.m; sourceTree = "<group>"; };
		807B38E11B73E69200B591AA /* menu.png */ = {isa = PBXFileReference; lastKnownFileType = image.png; path = menu.png; sourceTree = "<group>"; };
		80839ADC1B697813008BBC7C /* UISearchBar+EnableReturnKey.h */ = {isa = PBXFileReference; fileEncoding = 4; lastKnownFileType = sourcecode.c.h; path = "UISearchBar+EnableReturnKey.h"; sourceTree = "<group>"; };
		80839ADD1B697813008BBC7C /* UISearchBar+EnableReturnKey.m */ = {isa = PBXFileReference; fileEncoding = 4; lastKnownFileType = sourcecode.c.objc; path = "UISearchBar+EnableReturnKey.m"; sourceTree = "<group>"; };
		8087EE181B66D28B009258E5 /* Bubble.app */ = {isa = PBXFileReference; explicitFileType = wrapper.application; includeInIndex = 0; path = Bubble.app; sourceTree = BUILT_PRODUCTS_DIR; };
		8087EE1C1B66D28C009258E5 /* Info.plist */ = {isa = PBXFileReference; lastKnownFileType = text.plist.xml; path = Info.plist; sourceTree = "<group>"; };
		8087EE1D1B66D28C009258E5 /* main.m */ = {isa = PBXFileReference; lastKnownFileType = sourcecode.c.objc; path = main.m; sourceTree = "<group>"; };
		8087EE1F1B66D28C009258E5 /* AppDelegate.h */ = {isa = PBXFileReference; lastKnownFileType = sourcecode.c.h; path = AppDelegate.h; sourceTree = "<group>"; };
		8087EE201B66D28C009258E5 /* AppDelegate.m */ = {isa = PBXFileReference; lastKnownFileType = sourcecode.c.objc; path = AppDelegate.m; sourceTree = "<group>"; };
		8087EE221B66D28C009258E5 /* EventMapViewController.h */ = {isa = PBXFileReference; lastKnownFileType = sourcecode.c.h; path = EventMapViewController.h; sourceTree = "<group>"; };
		8087EE231B66D28C009258E5 /* EventMapViewController.m */ = {isa = PBXFileReference; lastKnownFileType = sourcecode.c.objc; path = EventMapViewController.m; sourceTree = "<group>"; };
		8087EE261B66D28C009258E5 /* Base */ = {isa = PBXFileReference; lastKnownFileType = file.storyboard; name = Base; path = Base.lproj/Main.storyboard; sourceTree = "<group>"; };
		8087EE281B66D28C009258E5 /* Images.xcassets */ = {isa = PBXFileReference; lastKnownFileType = folder.assetcatalog; path = Images.xcassets; sourceTree = "<group>"; };
		8087EE2B1B66D28C009258E5 /* Base */ = {isa = PBXFileReference; lastKnownFileType = file.xib; name = Base; path = Base.lproj/LaunchScreen.xib; sourceTree = "<group>"; };
		8087EE361B66D28C009258E5 /* Info.plist */ = {isa = PBXFileReference; lastKnownFileType = text.plist.xml; path = Info.plist; sourceTree = "<group>"; };
		8087EE371B66D28C009258E5 /* BubbleTests.m */ = {isa = PBXFileReference; lastKnownFileType = sourcecode.c.objc; path = BubbleTests.m; sourceTree = "<group>"; };
		80B152DC1B67FBDD00E31C52 /* ParseFacebookUtilsV4.framework */ = {isa = PBXFileReference; lastKnownFileType = wrapper.framework; path = ParseFacebookUtilsV4.framework; sourceTree = "<group>"; };
		95BD4CDBE3C4F9A40D0AD9A6 /* Pods-Bubble.release.xcconfig */ = {isa = PBXFileReference; includeInIndex = 1; lastKnownFileType = text.xcconfig; name = "Pods-Bubble.release.xcconfig"; path = "Pods/Target Support Files/Pods-Bubble/Pods-Bubble.release.xcconfig"; sourceTree = "<group>"; };
		C0D80382B0241D03474E1872 /* libPods-Bubble.a */ = {isa = PBXFileReference; explicitFileType = archive.ar; includeInIndex = 0; path = "libPods-Bubble.a"; sourceTree = BUILT_PRODUCTS_DIR; };
		CC8E67891B7543D100B1838F /* WebViewController.h */ = {isa = PBXFileReference; fileEncoding = 4; lastKnownFileType = sourcecode.c.h; path = WebViewController.h; sourceTree = "<group>"; };
		CC8E678A1B7543D100B1838F /* WebViewController.m */ = {isa = PBXFileReference; fileEncoding = 4; lastKnownFileType = sourcecode.c.objc; path = WebViewController.m; sourceTree = "<group>"; };
		CCDD860A1B69122A00E6B6B0 /* AFDataStore.h */ = {isa = PBXFileReference; fileEncoding = 4; lastKnownFileType = sourcecode.c.h; path = AFDataStore.h; sourceTree = "<group>"; };
		CCDD860B1B69122A00E6B6B0 /* AFDataStore.m */ = {isa = PBXFileReference; fileEncoding = 4; lastKnownFileType = sourcecode.c.objc; path = AFDataStore.m; sourceTree = "<group>"; };
		CCDD860D1B69125400E6B6B0 /* EventObject.h */ = {isa = PBXFileReference; fileEncoding = 4; lastKnownFileType = sourcecode.c.h; path = EventObject.h; sourceTree = "<group>"; };
		CCDD860E1B69125400E6B6B0 /* EventObject.m */ = {isa = PBXFileReference; fileEncoding = 4; lastKnownFileType = sourcecode.c.objc; path = EventObject.m; sourceTree = "<group>"; };
		FC4259C11B66D63500011956 /* Constants.h */ = {isa = PBXFileReference; fileEncoding = 4; lastKnownFileType = sourcecode.c.h; path = Constants.h; sourceTree = "<group>"; };
		FC5A230B1B70625300C5061E /* Constants.m */ = {isa = PBXFileReference; fileEncoding = 4; lastKnownFileType = sourcecode.c.objc; path = Constants.m; sourceTree = "<group>"; };
		FC5BFCBC1B6A6A2300E1294A /* XMPPManager.h */ = {isa = PBXFileReference; fileEncoding = 4; lastKnownFileType = sourcecode.c.h; path = XMPPManager.h; sourceTree = "<group>"; };
		FC5BFCBD1B6A6A2300E1294A /* XMPPManager.m */ = {isa = PBXFileReference; fileEncoding = 4; lastKnownFileType = sourcecode.c.objc; path = XMPPManager.m; sourceTree = "<group>"; };
		FC5BFCBF1B6A6AC800E1294A /* libidn.a */ = {isa = PBXFileReference; lastKnownFileType = archive.ar; name = libidn.a; path = Pods/XMPPFramework/Vendor/libidn/libidn.a; sourceTree = "<group>"; };
		FC5BFCC11B6A6AD800E1294A /* libxml2.dylib */ = {isa = PBXFileReference; lastKnownFileType = "compiled.mach-o.dylib"; name = libxml2.dylib; path = usr/lib/libxml2.dylib; sourceTree = SDKROOT; };
		FC5BFCC31B6A6AEF00E1294A /* CFNetwork.framework */ = {isa = PBXFileReference; lastKnownFileType = wrapper.framework; name = CFNetwork.framework; path = System/Library/Frameworks/CFNetwork.framework; sourceTree = SDKROOT; };
		FC5BFCC61B6A6B2000E1294A /* libresolv.dylib */ = {isa = PBXFileReference; lastKnownFileType = "compiled.mach-o.dylib"; name = libresolv.dylib; path = usr/lib/libresolv.dylib; sourceTree = SDKROOT; };
		FC5BFCC91B6A6B6300E1294A /* CoreData.framework */ = {isa = PBXFileReference; lastKnownFileType = wrapper.framework; name = CoreData.framework; path = System/Library/Frameworks/CoreData.framework; sourceTree = SDKROOT; };
		FC5BFCCB1B6A6B6D00E1294A /* SystemConfiguration.framework */ = {isa = PBXFileReference; lastKnownFileType = wrapper.framework; name = SystemConfiguration.framework; path = System/Library/Frameworks/SystemConfiguration.framework; sourceTree = SDKROOT; };
		FC5BFCCD1B6A6B7600E1294A /* CoreLocation.framework */ = {isa = PBXFileReference; lastKnownFileType = wrapper.framework; name = CoreLocation.framework; path = System/Library/Frameworks/CoreLocation.framework; sourceTree = SDKROOT; };
		FC688E4F1B7425F0003B46A9 /* ChatDataManager.h */ = {isa = PBXFileReference; fileEncoding = 4; lastKnownFileType = sourcecode.c.h; path = ChatDataManager.h; sourceTree = "<group>"; };
		FC688E501B7425F0003B46A9 /* ChatDataManager.m */ = {isa = PBXFileReference; fileEncoding = 4; lastKnownFileType = sourcecode.c.objc; path = ChatDataManager.m; sourceTree = "<group>"; };
		FC688ED91B790165003B46A9 /* FriendCell.xib */ = {isa = PBXFileReference; fileEncoding = 4; lastKnownFileType = file.xib; path = FriendCell.xib; sourceTree = "<group>"; };
		FC688EDB1B7901E2003B46A9 /* FriendCell.h */ = {isa = PBXFileReference; fileEncoding = 4; lastKnownFileType = sourcecode.c.h; path = FriendCell.h; sourceTree = "<group>"; };
		FC688EDC1B7901E2003B46A9 /* FriendCell.m */ = {isa = PBXFileReference; fileEncoding = 4; lastKnownFileType = sourcecode.c.objc; path = FriendCell.m; sourceTree = "<group>"; };
		FC688EDE1B79271A003B46A9 /* Friend.h */ = {isa = PBXFileReference; fileEncoding = 4; lastKnownFileType = sourcecode.c.h; path = Friend.h; sourceTree = "<group>"; };
		FC688EDF1B79271A003B46A9 /* Friend.m */ = {isa = PBXFileReference; fileEncoding = 4; lastKnownFileType = sourcecode.c.objc; path = Friend.m; sourceTree = "<group>"; };
		FC688F051B7A3820003B46A9 /* CoreDataStack.h */ = {isa = PBXFileReference; fileEncoding = 4; lastKnownFileType = sourcecode.c.h; path = CoreDataStack.h; sourceTree = "<group>"; };
		FC688F061B7A3820003B46A9 /* CoreDataStack.m */ = {isa = PBXFileReference; fileEncoding = 4; lastKnownFileType = sourcecode.c.objc; path = CoreDataStack.m; sourceTree = "<group>"; };
/* End PBXFileReference section */

/* Begin PBXFrameworksBuildPhase section */
		8087EE151B66D28B009258E5 /* Frameworks */ = {
			isa = PBXFrameworksBuildPhase;
			buildActionMask = 2147483647;
			files = (
				FC5BFCCE1B6A6B7600E1294A /* CoreLocation.framework in Frameworks */,
				FC5BFCCC1B6A6B6D00E1294A /* SystemConfiguration.framework in Frameworks */,
				FC5BFCCA1B6A6B6300E1294A /* CoreData.framework in Frameworks */,
				FC5BFCC81B6A6B5A00E1294A /* CFNetwork.framework in Frameworks */,
				FC5BFCC71B6A6B2000E1294A /* libresolv.dylib in Frameworks */,
				FC5BFCC51B6A6B0F00E1294A /* libxml2.dylib in Frameworks */,
				FC5BFCC01B6A6AC800E1294A /* libidn.a in Frameworks */,
				80B152DD1B67FBDD00E31C52 /* ParseFacebookUtilsV4.framework in Frameworks */,
				17A915F61B67BDD4000821E2 /* MapKit.framework in Frameworks */,
				EF7ABCF22C37E8A4743BE59A /* libPods-Bubble.a in Frameworks */,
			);
			runOnlyForDeploymentPostprocessing = 0;
		};
/* End PBXFrameworksBuildPhase section */

/* Begin PBXGroup section */
		05B6C015C312892B2B49C2CF /* Frameworks */ = {
			isa = PBXGroup;
			children = (
				FC5BFCCD1B6A6B7600E1294A /* CoreLocation.framework */,
				FC5BFCCB1B6A6B6D00E1294A /* SystemConfiguration.framework */,
				FC5BFCC91B6A6B6300E1294A /* CoreData.framework */,
				FC5BFCC61B6A6B2000E1294A /* libresolv.dylib */,
				FC5BFCC31B6A6AEF00E1294A /* CFNetwork.framework */,
				FC5BFCC11B6A6AD800E1294A /* libxml2.dylib */,
				FC5BFCBF1B6A6AC800E1294A /* libidn.a */,
				80B152DC1B67FBDD00E31C52 /* ParseFacebookUtilsV4.framework */,
				17A915F51B67BDD4000821E2 /* MapKit.framework */,
				C0D80382B0241D03474E1872 /* libPods-Bubble.a */,
			);
			name = Frameworks;
			sourceTree = "<group>";
		};
		803185C51B70185A0046CF79 /* View Controllers */ = {
			isa = PBXGroup;
			children = (
				802273811B6A784D00C62E50 /* BBChatViewController.h */,
				802273821B6A784D00C62E50 /* BBChatViewController.m */,
				175E54D71B6BB9B7002A7CAA /* ApplicationViewController.h */,
				175E54D81B6BB9B7002A7CAA /* ApplicationViewController.m */,
				175E54DC1B6BDADF002A7CAA /* LoginViewController.h */,
				175E54DD1B6BDADF002A7CAA /* LoginViewController.m */,
				8087EE221B66D28C009258E5 /* EventMapViewController.h */,
				8087EE231B66D28C009258E5 /* EventMapViewController.m */,
				178650681B697CAD00A68FF9 /* EventDetailsViewController.h */,
				178650691B697CAD00A68FF9 /* EventDetailsViewController.m */,
				CC8E67891B7543D100B1838F /* WebViewController.h */,
				CC8E678A1B7543D100B1838F /* WebViewController.m */,
			);
			name = "View Controllers";
			sourceTree = "<group>";
		};
		803185C61B7018760046CF79 /* Data Managers */ = {
			isa = PBXGroup;
			children = (
				175E54DF1B6BFEB6002A7CAA /* FacebookLoginManager.h */,
				175E54E01B6BFEB6002A7CAA /* FacebookLoginManager.m */,
				FC5BFCBC1B6A6A2300E1294A /* XMPPManager.h */,
				FC5BFCBD1B6A6A2300E1294A /* XMPPManager.m */,
				CCDD860A1B69122A00E6B6B0 /* AFDataStore.h */,
				CCDD860B1B69122A00E6B6B0 /* AFDataStore.m */,
				FC688E4F1B7425F0003B46A9 /* ChatDataManager.h */,
				FC688E501B7425F0003B46A9 /* ChatDataManager.m */,
				FC688F051B7A3820003B46A9 /* CoreDataStack.h */,
				FC688F061B7A3820003B46A9 /* CoreDataStack.m */,
			);
			name = "Data Managers";
			sourceTree = "<group>";
		};
		803185C71B7018A30046CF79 /* Model Classes */ = {
			isa = PBXGroup;
			children = (
				17A915FA1B67E568000821E2 /* BBAnnotation.h */,
				17A915FB1B67E568000821E2 /* BBAnnotation.m */,
				CCDD860D1B69125400E6B6B0 /* EventObject.h */,
				CCDD860E1B69125400E6B6B0 /* EventObject.m */,
				802273841B6A805A00C62E50 /* BBMessage.h */,
				802273851B6A805A00C62E50 /* BBMessage.m */,
				FC688EDE1B79271A003B46A9 /* Friend.h */,
				FC688EDF1B79271A003B46A9 /* Friend.m */,
			);
			name = "Model Classes";
			sourceTree = "<group>";
		};
		803185C81B7018B40046CF79 /* Extensions & Overrides */ = {
			isa = PBXGroup;
			children = (
				80839ADC1B697813008BBC7C /* UISearchBar+EnableReturnKey.h */,
				80839ADD1B697813008BBC7C /* UISearchBar+EnableReturnKey.m */,
				178650721B6ABB5500A68FF9 /* BBScrollViewPassThrough.h */,
				178650731B6ABB5500A68FF9 /* BBScrollViewPassThrough.m */,
				1722EE471B7101280058ED13 /* BBScrollViewNotifying.h */,
				801114081B725FD5005FF955 /* BBSearchViewPassThrough.h */,
				801114091B725FD5005FF955 /* BBSearchViewPassThrough.m */,
			);
			name = "Extensions & Overrides";
			sourceTree = "<group>";
		};
		8087EE0F1B66D28B009258E5 = {
			isa = PBXGroup;
			children = (
				8087EE1A1B66D28B009258E5 /* Bubble */,
				8087EE341B66D28C009258E5 /* BubbleTests */,
				8087EE191B66D28B009258E5 /* Products */,
				84159C70AF47F9272B8BCE1C /* Pods */,
				05B6C015C312892B2B49C2CF /* Frameworks */,
			);
			sourceTree = "<group>";
		};
		8087EE191B66D28B009258E5 /* Products */ = {
			isa = PBXGroup;
			children = (
				8087EE181B66D28B009258E5 /* Bubble.app */,
			);
			name = Products;
			sourceTree = "<group>";
		};
		8087EE1A1B66D28B009258E5 /* Bubble */ = {
			isa = PBXGroup;
			children = (
				8087EE1F1B66D28C009258E5 /* AppDelegate.h */,
				8087EE201B66D28C009258E5 /* AppDelegate.m */,
				803185C51B70185A0046CF79 /* View Controllers */,
				803185C71B7018A30046CF79 /* Model Classes */,
				803185C61B7018760046CF79 /* Data Managers */,
				803185C81B7018B40046CF79 /* Extensions & Overrides */,
				8087EE251B66D28C009258E5 /* Main.storyboard */,
				175E54DA1B6BBEC8002A7CAA /* Login.storyboard */,
				8087EE281B66D28C009258E5 /* Images.xcassets */,
				8087EE2A1B66D28C009258E5 /* LaunchScreen.xib */,
				FC688ED81B79014D003B46A9 /* Views */,
				8087EE1B1B66D28C009258E5 /* Supporting Files */,
			);
			path = Bubble;
			sourceTree = "<group>";
		};
		8087EE1B1B66D28C009258E5 /* Supporting Files */ = {
			isa = PBXGroup;
			children = (
				807B38E11B73E69200B591AA /* menu.png */,
				8087EE1C1B66D28C009258E5 /* Info.plist */,
				8087EE1D1B66D28C009258E5 /* main.m */,
				FC4259C11B66D63500011956 /* Constants.h */,
				FC5A230B1B70625300C5061E /* Constants.m */,
			);
			name = "Supporting Files";
			sourceTree = "<group>";
		};
		8087EE341B66D28C009258E5 /* BubbleTests */ = {
			isa = PBXGroup;
			children = (
				8087EE371B66D28C009258E5 /* BubbleTests.m */,
				8087EE351B66D28C009258E5 /* Supporting Files */,
			);
			path = BubbleTests;
			sourceTree = "<group>";
		};
		8087EE351B66D28C009258E5 /* Supporting Files */ = {
			isa = PBXGroup;
			children = (
				8087EE361B66D28C009258E5 /* Info.plist */,
			);
			name = "Supporting Files";
			sourceTree = "<group>";
		};
		84159C70AF47F9272B8BCE1C /* Pods */ = {
			isa = PBXGroup;
			children = (
				7122C18FA6D8C5E220F46E12 /* Pods-Bubble.debug.xcconfig */,
				95BD4CDBE3C4F9A40D0AD9A6 /* Pods-Bubble.release.xcconfig */,
			);
			name = Pods;
			sourceTree = "<group>";
		};
		FC688ED81B79014D003B46A9 /* Views */ = {
			isa = PBXGroup;
			children = (
				FC688ED91B790165003B46A9 /* FriendCell.xib */,
				FC688EDB1B7901E2003B46A9 /* FriendCell.h */,
				FC688EDC1B7901E2003B46A9 /* FriendCell.m */,
				1760C0891B73F5620013C287 /* BubbleAnimationView.h */,
				1760C08A1B73F5620013C287 /* BubbleAnimationView.m */,
				802273871B6AD81E00C62E50 /* ILTranslucentView.h */,
				802273881B6AD81E00C62E50 /* ILTranslucentView.m */,
			);
			name = Views;
			sourceTree = "<group>";
		};
/* End PBXGroup section */

/* Begin PBXNativeTarget section */
		8087EE171B66D28B009258E5 /* Bubble */ = {
			isa = PBXNativeTarget;
			buildConfigurationList = 8087EE3B1B66D28C009258E5 /* Build configuration list for PBXNativeTarget "Bubble" */;
			buildPhases = (
				2B03B6F4D6C32E9875E54708 /* Check Pods Manifest.lock */,
				8087EE141B66D28B009258E5 /* Sources */,
				8087EE151B66D28B009258E5 /* Frameworks */,
				8087EE161B66D28B009258E5 /* Resources */,
				359E000CC722E78C5C101B73 /* Copy Pods Resources */,
			);
			buildRules = (
			);
			dependencies = (
			);
			name = Bubble;
			productName = Bubble;
			productReference = 8087EE181B66D28B009258E5 /* Bubble.app */;
			productType = "com.apple.product-type.application";
		};
/* End PBXNativeTarget section */

/* Begin PBXProject section */
		8087EE101B66D28B009258E5 /* Project object */ = {
			isa = PBXProject;
			attributes = {
				LastUpgradeCheck = 0640;
				ORGANIZATIONNAME = Bubble;
				TargetAttributes = {
					8087EE171B66D28B009258E5 = {
						CreatedOnToolsVersion = 6.4;
						DevelopmentTeam = 6FWSRPXBW6;
					};
				};
			};
			buildConfigurationList = 8087EE131B66D28B009258E5 /* Build configuration list for PBXProject "Bubble" */;
			compatibilityVersion = "Xcode 3.2";
			developmentRegion = English;
			hasScannedForEncodings = 0;
			knownRegions = (
				en,
				Base,
			);
			mainGroup = 8087EE0F1B66D28B009258E5;
			productRefGroup = 8087EE191B66D28B009258E5 /* Products */;
			projectDirPath = "";
			projectRoot = "";
			targets = (
				8087EE171B66D28B009258E5 /* Bubble */,
			);
		};
/* End PBXProject section */

/* Begin PBXResourcesBuildPhase section */
		8087EE161B66D28B009258E5 /* Resources */ = {
			isa = PBXResourcesBuildPhase;
			buildActionMask = 2147483647;
			files = (
				807B38E21B73E69200B591AA /* menu.png in Resources */,
				FC688EDA1B790165003B46A9 /* FriendCell.xib in Resources */,
				8087EE271B66D28C009258E5 /* Main.storyboard in Resources */,
				175E54DB1B6BBEC8002A7CAA /* Login.storyboard in Resources */,
				8087EE2C1B66D28C009258E5 /* LaunchScreen.xib in Resources */,
				8087EE291B66D28C009258E5 /* Images.xcassets in Resources */,
			);
			runOnlyForDeploymentPostprocessing = 0;
		};
/* End PBXResourcesBuildPhase section */

/* Begin PBXShellScriptBuildPhase section */
		2B03B6F4D6C32E9875E54708 /* Check Pods Manifest.lock */ = {
			isa = PBXShellScriptBuildPhase;
			buildActionMask = 2147483647;
			files = (
			);
			inputPaths = (
			);
			name = "Check Pods Manifest.lock";
			outputPaths = (
			);
			runOnlyForDeploymentPostprocessing = 0;
			shellPath = /bin/sh;
			shellScript = "diff \"${PODS_ROOT}/../Podfile.lock\" \"${PODS_ROOT}/Manifest.lock\" > /dev/null\nif [[ $? != 0 ]] ; then\n    cat << EOM\nerror: The sandbox is not in sync with the Podfile.lock. Run 'pod install' or update your CocoaPods installation.\nEOM\n    exit 1\nfi\n";
			showEnvVarsInLog = 0;
		};
		359E000CC722E78C5C101B73 /* Copy Pods Resources */ = {
			isa = PBXShellScriptBuildPhase;
			buildActionMask = 2147483647;
			files = (
			);
			inputPaths = (
			);
			name = "Copy Pods Resources";
			outputPaths = (
			);
			runOnlyForDeploymentPostprocessing = 0;
			shellPath = /bin/sh;
			shellScript = "\"${SRCROOT}/Pods/Target Support Files/Pods-Bubble/Pods-Bubble-resources.sh\"\n";
			showEnvVarsInLog = 0;
		};
/* End PBXShellScriptBuildPhase section */

/* Begin PBXSourcesBuildPhase section */
		8087EE141B66D28B009258E5 /* Sources */ = {
			isa = PBXSourcesBuildPhase;
			buildActionMask = 2147483647;
			files = (
				802273831B6A784D00C62E50 /* BBChatViewController.m in Sources */,
				CC8E678B1B7543D100B1838F /* WebViewController.m in Sources */,
				802273861B6A805A00C62E50 /* BBMessage.m in Sources */,
				CCDD860F1B69125400E6B6B0 /* EventObject.m in Sources */,
				8087EE241B66D28C009258E5 /* EventMapViewController.m in Sources */,
				8087EE211B66D28C009258E5 /* AppDelegate.m in Sources */,
				8087EE1E1B66D28C009258E5 /* main.m in Sources */,
				175E54DE1B6BDADF002A7CAA /* LoginViewController.m in Sources */,
				178650741B6ABB5500A68FF9 /* BBScrollViewPassThrough.m in Sources */,
				FC688EE01B79271A003B46A9 /* Friend.m in Sources */,
				FC688E511B7425F0003B46A9 /* ChatDataManager.m in Sources */,
				FC688F071B7A3820003B46A9 /* CoreDataStack.m in Sources */,
				175E54E11B6BFEB6002A7CAA /* FacebookLoginManager.m in Sources */,
				80839ADE1B697813008BBC7C /* UISearchBar+EnableReturnKey.m in Sources */,
				175E54D91B6BB9B7002A7CAA /* ApplicationViewController.m in Sources */,
				FC5BFCBE1B6A6A2300E1294A /* XMPPManager.m in Sources */,
				8011140A1B725FD5005FF955 /* BBSearchViewPassThrough.m in Sources */,
				1786506A1B697CAD00A68FF9 /* EventDetailsViewController.m in Sources */,
				1760C08B1B73F5620013C287 /* BubbleAnimationView.m in Sources */,
				802273891B6AD81E00C62E50 /* ILTranslucentView.m in Sources */,
				CCDD860C1B69122A00E6B6B0 /* AFDataStore.m in Sources */,
				FC688EDD1B7901E2003B46A9 /* FriendCell.m in Sources */,
				17A915FC1B67E568000821E2 /* BBAnnotation.m in Sources */,
				FC5A230C1B70625300C5061E /* Constants.m in Sources */,
			);
			runOnlyForDeploymentPostprocessing = 0;
		};
/* End PBXSourcesBuildPhase section */

/* Begin PBXVariantGroup section */
		8087EE251B66D28C009258E5 /* Main.storyboard */ = {
			isa = PBXVariantGroup;
			children = (
				8087EE261B66D28C009258E5 /* Base */,
			);
			name = Main.storyboard;
			sourceTree = "<group>";
		};
		8087EE2A1B66D28C009258E5 /* LaunchScreen.xib */ = {
			isa = PBXVariantGroup;
			children = (
				8087EE2B1B66D28C009258E5 /* Base */,
			);
			name = LaunchScreen.xib;
			sourceTree = "<group>";
		};
/* End PBXVariantGroup section */

/* Begin XCBuildConfiguration section */
		8087EE391B66D28C009258E5 /* Debug */ = {
			isa = XCBuildConfiguration;
			buildSettings = {
				ALWAYS_SEARCH_USER_PATHS = NO;
				CLANG_CXX_LANGUAGE_STANDARD = "gnu++0x";
				CLANG_CXX_LIBRARY = "libc++";
				CLANG_ENABLE_MODULES = YES;
				CLANG_ENABLE_OBJC_ARC = YES;
				CLANG_WARN_BOOL_CONVERSION = YES;
				CLANG_WARN_CONSTANT_CONVERSION = YES;
				CLANG_WARN_DIRECT_OBJC_ISA_USAGE = YES_ERROR;
				CLANG_WARN_EMPTY_BODY = YES;
				CLANG_WARN_ENUM_CONVERSION = YES;
				CLANG_WARN_INT_CONVERSION = YES;
				CLANG_WARN_OBJC_ROOT_CLASS = YES_ERROR;
				CLANG_WARN_UNREACHABLE_CODE = YES;
				CLANG_WARN__DUPLICATE_METHOD_MATCH = YES;
				CODE_SIGN_IDENTITY = "iPhone Developer";
				"CODE_SIGN_IDENTITY[sdk=iphoneos*]" = "iPhone Developer";
				COPY_PHASE_STRIP = NO;
				DEBUG_INFORMATION_FORMAT = "dwarf-with-dsym";
				ENABLE_STRICT_OBJC_MSGSEND = YES;
				GCC_C_LANGUAGE_STANDARD = gnu99;
				GCC_DYNAMIC_NO_PIC = NO;
				GCC_NO_COMMON_BLOCKS = YES;
				GCC_OPTIMIZATION_LEVEL = 0;
				GCC_PREPROCESSOR_DEFINITIONS = (
					"DEBUG=1",
					"$(inherited)",
				);
				GCC_SYMBOLS_PRIVATE_EXTERN = NO;
				GCC_WARN_64_TO_32_BIT_CONVERSION = YES;
				GCC_WARN_ABOUT_RETURN_TYPE = YES_ERROR;
				GCC_WARN_UNDECLARED_SELECTOR = YES;
				GCC_WARN_UNINITIALIZED_AUTOS = YES_AGGRESSIVE;
				GCC_WARN_UNUSED_FUNCTION = YES;
				GCC_WARN_UNUSED_VARIABLE = YES;
				IPHONEOS_DEPLOYMENT_TARGET = 8.4;
				MTL_ENABLE_DEBUG_INFO = YES;
				ONLY_ACTIVE_ARCH = YES;
				SDKROOT = iphoneos;
				TARGETED_DEVICE_FAMILY = "1,2";
			};
			name = Debug;
		};
		8087EE3A1B66D28C009258E5 /* Release */ = {
			isa = XCBuildConfiguration;
			buildSettings = {
				ALWAYS_SEARCH_USER_PATHS = NO;
				CLANG_CXX_LANGUAGE_STANDARD = "gnu++0x";
				CLANG_CXX_LIBRARY = "libc++";
				CLANG_ENABLE_MODULES = YES;
				CLANG_ENABLE_OBJC_ARC = YES;
				CLANG_WARN_BOOL_CONVERSION = YES;
				CLANG_WARN_CONSTANT_CONVERSION = YES;
				CLANG_WARN_DIRECT_OBJC_ISA_USAGE = YES_ERROR;
				CLANG_WARN_EMPTY_BODY = YES;
				CLANG_WARN_ENUM_CONVERSION = YES;
				CLANG_WARN_INT_CONVERSION = YES;
				CLANG_WARN_OBJC_ROOT_CLASS = YES_ERROR;
				CLANG_WARN_UNREACHABLE_CODE = YES;
				CLANG_WARN__DUPLICATE_METHOD_MATCH = YES;
				CODE_SIGN_IDENTITY = "iPhone Developer";
				"CODE_SIGN_IDENTITY[sdk=iphoneos*]" = "iPhone Developer";
				COPY_PHASE_STRIP = NO;
				DEBUG_INFORMATION_FORMAT = "dwarf-with-dsym";
				ENABLE_NS_ASSERTIONS = NO;
				ENABLE_STRICT_OBJC_MSGSEND = YES;
				GCC_C_LANGUAGE_STANDARD = gnu99;
				GCC_NO_COMMON_BLOCKS = YES;
				GCC_WARN_64_TO_32_BIT_CONVERSION = YES;
				GCC_WARN_ABOUT_RETURN_TYPE = YES_ERROR;
				GCC_WARN_UNDECLARED_SELECTOR = YES;
				GCC_WARN_UNINITIALIZED_AUTOS = YES_AGGRESSIVE;
				GCC_WARN_UNUSED_FUNCTION = YES;
				GCC_WARN_UNUSED_VARIABLE = YES;
				IPHONEOS_DEPLOYMENT_TARGET = 8.4;
				MTL_ENABLE_DEBUG_INFO = NO;
				SDKROOT = iphoneos;
				TARGETED_DEVICE_FAMILY = "1,2";
				VALIDATE_PRODUCT = YES;
			};
			name = Release;
		};
		8087EE3C1B66D28C009258E5 /* Debug */ = {
			isa = XCBuildConfiguration;
			baseConfigurationReference = 7122C18FA6D8C5E220F46E12 /* Pods-Bubble.debug.xcconfig */;
			buildSettings = {
				ASSETCATALOG_COMPILER_APPICON_NAME = AppIcon;
				CODE_SIGN_IDENTITY = "iPhone Developer";
				"CODE_SIGN_IDENTITY[sdk=iphoneos*]" = "iPhone Developer";
				FRAMEWORK_SEARCH_PATHS = (
					"$(inherited)",
					"$(PROJECT_DIR)",
				);
				HEADER_SEARCH_PATHS = (
					"$(inherited)",
					"\"${PODS_ROOT}/Headers/Public\"",
					"\"${PODS_ROOT}/Headers/Public/AFNetworking\"",
					"\"${PODS_ROOT}/Headers/Public/Bolts\"",
					"\"${PODS_ROOT}/Headers/Public/CWStatusBarNotification\"",
					"\"${PODS_ROOT}/Headers/Public/CocoaAsyncSocket\"",
					"\"${PODS_ROOT}/Headers/Public/CocoaLumberjack\"",
					"\"${PODS_ROOT}/Headers/Public/FBSDKCoreKit\"",
					"\"${PODS_ROOT}/Headers/Public/FBSDKLoginKit\"",
					"\"${PODS_ROOT}/Headers/Public/FBSDKLoginKit/FBSDKLoginKit\"",
					"\"${PODS_ROOT}/Headers/Public/FBSDKShareKit\"",
					"\"${PODS_ROOT}/Headers/Public/FBSDKShareKit/FBSDKShareKit\"",
					"\"${PODS_ROOT}/Headers/Public/INTULocationManager\"",
					"\"${PODS_ROOT}/Headers/Public/Parse\"",
					"\"${PODS_ROOT}/Headers/Public/ParseUI\"",
					"\"${PODS_ROOT}/Headers/Public/SCLAlertView-Objective-C\"",
					"\"${PODS_ROOT}/Headers/Public/XMPPFramework\"",
					"$(SDKROOT)/usr/include/libxml2",
					"$(SDKROOT)/usr/include/libresolv",
				);
				INFOPLIST_FILE = Bubble/Info.plist;
				IPHONEOS_DEPLOYMENT_TARGET = 8.3;
				LD_RUNPATH_SEARCH_PATHS = "$(inherited) @executable_path/Frameworks";
				LIBRARY_SEARCH_PATHS = (
					"$(inherited)",
					"$(PROJECT_DIR)/Pods/XMPPFramework/Vendor/libidn",
				);
				PRODUCT_NAME = "$(TARGET_NAME)";
				PROVISIONING_PROFILE = "";
				USER_HEADER_SEARCH_PATHS = /usr/include/libxml2;
			};
			name = Debug;
		};
		8087EE3D1B66D28C009258E5 /* Release */ = {
			isa = XCBuildConfiguration;
			baseConfigurationReference = 95BD4CDBE3C4F9A40D0AD9A6 /* Pods-Bubble.release.xcconfig */;
			buildSettings = {
				ASSETCATALOG_COMPILER_APPICON_NAME = AppIcon;
				CODE_SIGN_IDENTITY = "iPhone Developer";
				"CODE_SIGN_IDENTITY[sdk=iphoneos*]" = "iPhone Developer";
				FRAMEWORK_SEARCH_PATHS = (
					"$(inherited)",
					"$(PROJECT_DIR)",
				);
				HEADER_SEARCH_PATHS = (
					"$(inherited)",
					"\"${PODS_ROOT}/Headers/Public\"",
					"\"${PODS_ROOT}/Headers/Public/AFNetworking\"",
					"\"${PODS_ROOT}/Headers/Public/Bolts\"",
					"\"${PODS_ROOT}/Headers/Public/CWStatusBarNotification\"",
					"\"${PODS_ROOT}/Headers/Public/CocoaAsyncSocket\"",
					"\"${PODS_ROOT}/Headers/Public/CocoaLumberjack\"",
					"\"${PODS_ROOT}/Headers/Public/FBSDKCoreKit\"",
					"\"${PODS_ROOT}/Headers/Public/FBSDKLoginKit\"",
					"\"${PODS_ROOT}/Headers/Public/FBSDKLoginKit/FBSDKLoginKit\"",
					"\"${PODS_ROOT}/Headers/Public/FBSDKShareKit\"",
					"\"${PODS_ROOT}/Headers/Public/FBSDKShareKit/FBSDKShareKit\"",
					"\"${PODS_ROOT}/Headers/Public/INTULocationManager\"",
					"\"${PODS_ROOT}/Headers/Public/Parse\"",
					"\"${PODS_ROOT}/Headers/Public/ParseUI\"",
					"\"${PODS_ROOT}/Headers/Public/SCLAlertView-Objective-C\"",
					"\"${PODS_ROOT}/Headers/Public/XMPPFramework\"",
					"$(SDKROOT)/usr/include/libxml2",
					"$(SDKROOT)/usr/include/libresolv",
				);
				INFOPLIST_FILE = Bubble/Info.plist;
				IPHONEOS_DEPLOYMENT_TARGET = 8.3;
				LD_RUNPATH_SEARCH_PATHS = "$(inherited) @executable_path/Frameworks";
				LIBRARY_SEARCH_PATHS = (
					"$(inherited)",
					"$(PROJECT_DIR)/Pods/XMPPFramework/Vendor/libidn",
				);
				PRODUCT_NAME = "$(TARGET_NAME)";
				PROVISIONING_PROFILE = "";
				USER_HEADER_SEARCH_PATHS = /usr/include/libxml2;
			};
			name = Release;
		};
/* End XCBuildConfiguration section */

/* Begin XCConfigurationList section */
		8087EE131B66D28B009258E5 /* Build configuration list for PBXProject "Bubble" */ = {
			isa = XCConfigurationList;
			buildConfigurations = (
				8087EE391B66D28C009258E5 /* Debug */,
				8087EE3A1B66D28C009258E5 /* Release */,
			);
			defaultConfigurationIsVisible = 0;
			defaultConfigurationName = Release;
		};
		8087EE3B1B66D28C009258E5 /* Build configuration list for PBXNativeTarget "Bubble" */ = {
			isa = XCConfigurationList;
			buildConfigurations = (
				8087EE3C1B66D28C009258E5 /* Debug */,
				8087EE3D1B66D28C009258E5 /* Release */,
			);
			defaultConfigurationIsVisible = 0;
			defaultConfigurationName = Release;
		};
/* End XCConfigurationList section */
	};
	rootObject = 8087EE101B66D28B009258E5 /* Project object */;
}
