// !$*UTF8*$!
{
	archiveVersion = 1;
	classes = {
	};
	objectVersion = 46;
	objects = {

/* Begin PBXBuildFile section */
		8087EE1E1B66D28C009258E5 /* main.m in Sources */ = {isa = PBXBuildFile; fileRef = 8087EE1D1B66D28C009258E5 /* main.m */; };
		8087EE211B66D28C009258E5 /* AppDelegate.m in Sources */ = {isa = PBXBuildFile; fileRef = 8087EE201B66D28C009258E5 /* AppDelegate.m */; };
		8087EE241B66D28C009258E5 /* ViewController.m in Sources */ = {isa = PBXBuildFile; fileRef = 8087EE231B66D28C009258E5 /* ViewController.m */; };
		8087EE271B66D28C009258E5 /* Main.storyboard in Resources */ = {isa = PBXBuildFile; fileRef = 8087EE251B66D28C009258E5 /* Main.storyboard */; };
		8087EE291B66D28C009258E5 /* Images.xcassets in Resources */ = {isa = PBXBuildFile; fileRef = 8087EE281B66D28C009258E5 /* Images.xcassets */; };
		8087EE2C1B66D28C009258E5 /* LaunchScreen.xib in Resources */ = {isa = PBXBuildFile; fileRef = 8087EE2A1B66D28C009258E5 /* LaunchScreen.xib */; };
		8087EE381B66D28C009258E5 /* BubbleTests.m in Sources */ = {isa = PBXBuildFile; fileRef = 8087EE371B66D28C009258E5 /* BubbleTests.m */; };
		EF7ABCF22C37E8A4743BE59A /* libPods-Bubble.a in Frameworks */ = {isa = PBXBuildFile; fileRef = C0D80382B0241D03474E1872 /* libPods-Bubble.a */; };
/* End PBXBuildFile section */

/* Begin PBXContainerItemProxy section */
		8087EE321B66D28C009258E5 /* PBXContainerItemProxy */ = {
			isa = PBXContainerItemProxy;
			containerPortal = 8087EE101B66D28B009258E5 /* Project object */;
			proxyType = 1;
			remoteGlobalIDString = 8087EE171B66D28B009258E5;
			remoteInfo = Bubble;
		};
/* End PBXContainerItemProxy section */

/* Begin PBXFileReference section */
		7122C18FA6D8C5E220F46E12 /* Pods-Bubble.debug.xcconfig */ = {isa = PBXFileReference; includeInIndex = 1; lastKnownFileType = text.xcconfig; name = "Pods-Bubble.debug.xcconfig"; path = "Pods/Target Support Files/Pods-Bubble/Pods-Bubble.debug.xcconfig"; sourceTree = "<group>"; };
		8087EE181B66D28B009258E5 /* Bubble.app */ = {isa = PBXFileReference; explicitFileType = wrapper.application; includeInIndex = 0; path = Bubble.app; sourceTree = BUILT_PRODUCTS_DIR; };
		8087EE1C1B66D28C009258E5 /* Info.plist */ = {isa = PBXFileReference; lastKnownFileType = text.plist.xml; path = Info.plist; sourceTree = "<group>"; };
		8087EE1D1B66D28C009258E5 /* main.m */ = {isa = PBXFileReference; lastKnownFileType = sourcecode.c.objc; path = main.m; sourceTree = "<group>"; };
		8087EE1F1B66D28C009258E5 /* AppDelegate.h */ = {isa = PBXFileReference; lastKnownFileType = sourcecode.c.h; path = AppDelegate.h; sourceTree = "<group>"; };
		8087EE201B66D28C009258E5 /* AppDelegate.m */ = {isa = PBXFileReference; lastKnownFileType = sourcecode.c.objc; path = AppDelegate.m; sourceTree = "<group>"; };
		8087EE221B66D28C009258E5 /* ViewController.h */ = {isa = PBXFileReference; lastKnownFileType = sourcecode.c.h; path = ViewController.h; sourceTree = "<group>"; };
		8087EE231B66D28C009258E5 /* ViewController.m */ = {isa = PBXFileReference; lastKnownFileType = sourcecode.c.objc; path = ViewController.m; sourceTree = "<group>"; };
		8087EE261B66D28C009258E5 /* Base */ = {isa = PBXFileReference; lastKnownFileType = file.storyboard; name = Base; path = Base.lproj/Main.storyboard; sourceTree = "<group>"; };
		8087EE281B66D28C009258E5 /* Images.xcassets */ = {isa = PBXFileReference; lastKnownFileType = folder.assetcatalog; path = Images.xcassets; sourceTree = "<group>"; };
		8087EE2B1B66D28C009258E5 /* Base */ = {isa = PBXFileReference; lastKnownFileType = file.xib; name = Base; path = Base.lproj/LaunchScreen.xib; sourceTree = "<group>"; };
		8087EE311B66D28C009258E5 /* BubbleTests.xctest */ = {isa = PBXFileReference; explicitFileType = wrapper.cfbundle; includeInIndex = 0; path = BubbleTests.xctest; sourceTree = BUILT_PRODUCTS_DIR; };
		8087EE361B66D28C009258E5 /* Info.plist */ = {isa = PBXFileReference; lastKnownFileType = text.plist.xml; path = Info.plist; sourceTree = "<group>"; };
		8087EE371B66D28C009258E5 /* BubbleTests.m */ = {isa = PBXFileReference; lastKnownFileType = sourcecode.c.objc; path = BubbleTests.m; sourceTree = "<group>"; };
		95BD4CDBE3C4F9A40D0AD9A6 /* Pods-Bubble.release.xcconfig */ = {isa = PBXFileReference; includeInIndex = 1; lastKnownFileType = text.xcconfig; name = "Pods-Bubble.release.xcconfig"; path = "Pods/Target Support Files/Pods-Bubble/Pods-Bubble.release.xcconfig"; sourceTree = "<group>"; };
		C0D80382B0241D03474E1872 /* libPods-Bubble.a */ = {isa = PBXFileReference; explicitFileType = archive.ar; includeInIndex = 0; path = "libPods-Bubble.a"; sourceTree = BUILT_PRODUCTS_DIR; };
/* End PBXFileReference section */

/* Begin PBXFrameworksBuildPhase section */
		8087EE151B66D28B009258E5 /* Frameworks */ = {
			isa = PBXFrameworksBuildPhase;
			buildActionMask = 2147483647;
			files = (
				EF7ABCF22C37E8A4743BE59A /* libPods-Bubble.a in Frameworks */,
			);
			runOnlyForDeploymentPostprocessing = 0;
		};
		8087EE2E1B66D28C009258E5 /* Frameworks */ = {
			isa = PBXFrameworksBuildPhase;
			buildActionMask = 2147483647;
			files = (
			);
			runOnlyForDeploymentPostprocessing = 0;
		};
/* End PBXFrameworksBuildPhase section */

/* Begin PBXGroup section */
		05B6C015C312892B2B49C2CF /* Frameworks */ = {
			isa = PBXGroup;
			children = (
				C0D80382B0241D03474E1872 /* libPods-Bubble.a */,
			);
			name = Frameworks;
			sourceTree = "<group>";
		};
		8087EE0F1B66D28B009258E5 = {
			isa = PBXGroup;
			children = (
				8087EE1A1B66D28B009258E5 /* Bubble */,
				8087EE341B66D28C009258E5 /* BubbleTests */,
				8087EE191B66D28B009258E5 /* Products */,
				84159C70AF47F9272B8BCE1C /* Pods */,
				05B6C015C312892B2B49C2CF /* Frameworks */,
			);
			sourceTree = "<group>";
		};
		8087EE191B66D28B009258E5 /* Products */ = {
			isa = PBXGroup;
			children = (
				8087EE181B66D28B009258E5 /* Bubble.app */,
				8087EE311B66D28C009258E5 /* BubbleTests.xctest */,
			);
			name = Products;
			sourceTree = "<group>";
		};
		8087EE1A1B66D28B009258E5 /* Bubble */ = {
			isa = PBXGroup;
			children = (
				8087EE1F1B66D28C009258E5 /* AppDelegate.h */,
				8087EE201B66D28C009258E5 /* AppDelegate.m */,
				8087EE221B66D28C009258E5 /* ViewController.h */,
				8087EE231B66D28C009258E5 /* ViewController.m */,
				8087EE251B66D28C009258E5 /* Main.storyboard */,
				8087EE281B66D28C009258E5 /* Images.xcassets */,
				8087EE2A1B66D28C009258E5 /* LaunchScreen.xib */,
				8087EE1B1B66D28C009258E5 /* Supporting Files */,
			);
			path = Bubble;
			sourceTree = "<group>";
		};
		8087EE1B1B66D28C009258E5 /* Supporting Files */ = {
			isa = PBXGroup;
			children = (
				8087EE1C1B66D28C009258E5 /* Info.plist */,
				8087EE1D1B66D28C009258E5 /* main.m */,
			);
			name = "Supporting Files";
			sourceTree = "<group>";
		};
		8087EE341B66D28C009258E5 /* BubbleTests */ = {
			isa = PBXGroup;
			children = (
				8087EE371B66D28C009258E5 /* BubbleTests.m */,
				8087EE351B66D28C009258E5 /* Supporting Files */,
			);
			path = BubbleTests;
			sourceTree = "<group>";
		};
		8087EE351B66D28C009258E5 /* Supporting Files */ = {
			isa = PBXGroup;
			children = (
				8087EE361B66D28C009258E5 /* Info.plist */,
			);
			name = "Supporting Files";
			sourceTree = "<group>";
		};
		84159C70AF47F9272B8BCE1C /* Pods */ = {
			isa = PBXGroup;
			children = (
				7122C18FA6D8C5E220F46E12 /* Pods-Bubble.debug.xcconfig */,
				95BD4CDBE3C4F9A40D0AD9A6 /* Pods-Bubble.release.xcconfig */,
			);
			name = Pods;
			sourceTree = "<group>";
		};
/* End PBXGroup section */

/* Begin PBXNativeTarget section */
		8087EE171B66D28B009258E5 /* Bubble */ = {
			isa = PBXNativeTarget;
			buildConfigurationList = 8087EE3B1B66D28C009258E5 /* Build configuration list for PBXNativeTarget "Bubble" */;
			buildPhases = (
				2B03B6F4D6C32E9875E54708 /* Check Pods Manifest.lock */,
				8087EE141B66D28B009258E5 /* Sources */,
				8087EE151B66D28B009258E5 /* Frameworks */,
				8087EE161B66D28B009258E5 /* Resources */,
				359E000CC722E78C5C101B73 /* Copy Pods Resources */,
			);
			buildRules = (
			);
			dependencies = (
			);
			name = Bubble;
			productName = Bubble;
			productReference = 8087EE181B66D28B009258E5 /* Bubble.app */;
			productType = "com.apple.product-type.application";
		};
		8087EE301B66D28C009258E5 /* BubbleTests */ = {
			isa = PBXNativeTarget;
			buildConfigurationList = 8087EE3E1B66D28C009258E5 /* Build configuration list for PBXNativeTarget "BubbleTests" */;
			buildPhases = (
				8087EE2D1B66D28C009258E5 /* Sources */,
				8087EE2E1B66D28C009258E5 /* Frameworks */,
				8087EE2F1B66D28C009258E5 /* Resources */,
			);
			buildRules = (
			);
			dependencies = (
				8087EE331B66D28C009258E5 /* PBXTargetDependency */,
			);
			name = BubbleTests;
			productName = BubbleTests;
			productReference = 8087EE311B66D28C009258E5 /* BubbleTests.xctest */;
			productType = "com.apple.product-type.bundle.unit-test";
		};
/* End PBXNativeTarget section */

/* Begin PBXProject section */
		8087EE101B66D28B009258E5 /* Project object */ = {
			isa = PBXProject;
			attributes = {
				LastUpgradeCheck = 0640;
				ORGANIZATIONNAME = Bubble;
				TargetAttributes = {
					8087EE171B66D28B009258E5 = {
						CreatedOnToolsVersion = 6.4;
					};
					8087EE301B66D28C009258E5 = {
						CreatedOnToolsVersion = 6.4;
						TestTargetID = 8087EE171B66D28B009258E5;
					};
				};
			};
			buildConfigurationList = 8087EE131B66D28B009258E5 /* Build configuration list for PBXProject "Bubble" */;
			compatibilityVersion = "Xcode 3.2";
			developmentRegion = English;
			hasScannedForEncodings = 0;
			knownRegions = (
				en,
				Base,
			);
			mainGroup = 8087EE0F1B66D28B009258E5;
			productRefGroup = 8087EE191B66D28B009258E5 /* Products */;
			projectDirPath = "";
			projectRoot = "";
			targets = (
				8087EE171B66D28B009258E5 /* Bubble */,
				8087EE301B66D28C009258E5 /* BubbleTests */,
			);
		};
/* End PBXProject section */

/* Begin PBXResourcesBuildPhase section */
		8087EE161B66D28B009258E5 /* Resources */ = {
			isa = PBXResourcesBuildPhase;
			buildActionMask = 2147483647;
			files = (
				8087EE271B66D28C009258E5 /* Main.storyboard in Resources */,
				8087EE2C1B66D28C009258E5 /* LaunchScreen.xib in Resources */,
				8087EE291B66D28C009258E5 /* Images.xcassets in Resources */,
			);
			runOnlyForDeploymentPostprocessing = 0;
		};
		8087EE2F1B66D28C009258E5 /* Resources */ = {
			isa = PBXResourcesBuildPhase;
			buildActionMask = 2147483647;
			files = (
			);
			runOnlyForDeploymentPostprocessing = 0;
		};
/* End PBXResourcesBuildPhase section */

/* Begin PBXShellScriptBuildPhase section */
		2B03B6F4D6C32E9875E54708 /* Check Pods Manifest.lock */ = {
			isa = PBXShellScriptBuildPhase;
			buildActionMask = 2147483647;
			files = (
			);
			inputPaths = (
			);
			name = "Check Pods Manifest.lock";
			outputPaths = (
			);
			runOnlyForDeploymentPostprocessing = 0;
			shellPath = /bin/sh;
			shellScript = "diff \"${PODS_ROOT}/../Podfile.lock\" \"${PODS_ROOT}/Manifest.lock\" > /dev/null\nif [[ $? != 0 ]] ; then\n    cat << EOM\nerror: The sandbox is not in sync with the Podfile.lock. Run 'pod install' or update your CocoaPods installation.\nEOM\n    exit 1\nfi\n";
			showEnvVarsInLog = 0;
		};
		359E000CC722E78C5C101B73 /* Copy Pods Resources */ = {
			isa = PBXShellScriptBuildPhase;
			buildActionMask = 2147483647;
			files = (
			);
			inputPaths = (
			);
			name = "Copy Pods Resources";
			outputPaths = (
			);
			runOnlyForDeploymentPostprocessing = 0;
			shellPath = /bin/sh;
			shellScript = "\"${SRCROOT}/Pods/Target Support Files/Pods-Bubble/Pods-Bubble-resources.sh\"\n";
			showEnvVarsInLog = 0;
		};
/* End PBXShellScriptBuildPhase section */

/* Begin PBXSourcesBuildPhase section */
		8087EE141B66D28B009258E5 /* Sources */ = {
			isa = PBXSourcesBuildPhase;
			buildActionMask = 2147483647;
			files = (
				8087EE241B66D28C009258E5 /* ViewController.m in Sources */,
				8087EE211B66D28C009258E5 /* AppDelegate.m in Sources */,
				8087EE1E1B66D28C009258E5 /* main.m in Sources */,
			);
			runOnlyForDeploymentPostprocessing = 0;
		};
		8087EE2D1B66D28C009258E5 /* Sources */ = {
			isa = PBXSourcesBuildPhase;
			buildActionMask = 2147483647;
			files = (
				8087EE381B66D28C009258E5 /* BubbleTests.m in Sources */,
			);
			runOnlyForDeploymentPostprocessing = 0;
		};
/* End PBXSourcesBuildPhase section */

/* Begin PBXTargetDependency section */
		8087EE331B66D28C009258E5 /* PBXTargetDependency */ = {
			isa = PBXTargetDependency;
			target = 8087EE171B66D28B009258E5 /* Bubble */;
			targetProxy = 8087EE321B66D28C009258E5 /* PBXContainerItemProxy */;
		};
/* End PBXTargetDependency section */

/* Begin PBXVariantGroup section */
		8087EE251B66D28C009258E5 /* Main.storyboard */ = {
			isa = PBXVariantGroup;
			children = (
				8087EE261B66D28C009258E5 /* Base */,
			);
			name = Main.storyboard;
			sourceTree = "<group>";
		};
		8087EE2A1B66D28C009258E5 /* LaunchScreen.xib */ = {
			isa = PBXVariantGroup;
			children = (
				8087EE2B1B66D28C009258E5 /* Base */,
			);
			name = LaunchScreen.xib;
			sourceTree = "<group>";
		};
/* End PBXVariantGroup section */

/* Begin XCBuildConfiguration section */
		8087EE391B66D28C009258E5 /* Debug */ = {
			isa = XCBuildConfiguration;
			buildSettings = {
				ALWAYS_SEARCH_USER_PATHS = NO;
				CLANG_CXX_LANGUAGE_STANDARD = "gnu++0x";
				CLANG_CXX_LIBRARY = "libc++";
				CLANG_ENABLE_MODULES = YES;
				CLANG_ENABLE_OBJC_ARC = YES;
				CLANG_WARN_BOOL_CONVERSION = YES;
				CLANG_WARN_CONSTANT_CONVERSION = YES;
				CLANG_WARN_DIRECT_OBJC_ISA_USAGE = YES_ERROR;
				CLANG_WARN_EMPTY_BODY = YES;
				CLANG_WARN_ENUM_CONVERSION = YES;
				CLANG_WARN_INT_CONVERSION = YES;
				CLANG_WARN_OBJC_ROOT_CLASS = YES_ERROR;
				CLANG_WARN_UNREACHABLE_CODE = YES;
				CLANG_WARN__DUPLICATE_METHOD_MATCH = YES;
				"CODE_SIGN_IDENTITY[sdk=iphoneos*]" = "iPhone Developer";
				COPY_PHASE_STRIP = NO;
				DEBUG_INFORMATION_FORMAT = "dwarf-with-dsym";
				ENABLE_STRICT_OBJC_MSGSEND = YES;
				GCC_C_LANGUAGE_STANDARD = gnu99;
				GCC_DYNAMIC_NO_PIC = NO;
				GCC_NO_COMMON_BLOCKS = YES;
				GCC_OPTIMIZATION_LEVEL = 0;
				GCC_PREPROCESSOR_DEFINITIONS = (
					"DEBUG=1",
					"$(inherited)",
				);
				GCC_SYMBOLS_PRIVATE_EXTERN = NO;
				GCC_WARN_64_TO_32_BIT_CONVERSION = YES;
				GCC_WARN_ABOUT_RETURN_TYPE = YES_ERROR;
				GCC_WARN_UNDECLARED_SELECTOR = YES;
				GCC_WARN_UNINITIALIZED_AUTOS = YES_AGGRESSIVE;
				GCC_WARN_UNUSED_FUNCTION = YES;
				GCC_WARN_UNUSED_VARIABLE = YES;
				IPHONEOS_DEPLOYMENT_TARGET = 8.4;
				MTL_ENABLE_DEBUG_INFO = YES;
				ONLY_ACTIVE_ARCH = YES;
				SDKROOT = iphoneos;
				TARGETED_DEVICE_FAMILY = "1,2";
			};
			name = Debug;
		};
		8087EE3A1B66D28C009258E5 /* Release */ = {
			isa = XCBuildConfiguration;
			buildSettings = {
				ALWAYS_SEARCH_USER_PATHS = NO;
				CLANG_CXX_LANGUAGE_STANDARD = "gnu++0x";
				CLANG_CXX_LIBRARY = "libc++";
				CLANG_ENABLE_MODULES = YES;
				CLANG_ENABLE_OBJC_ARC = YES;
				CLANG_WARN_BOOL_CONVERSION = YES;
				CLANG_WARN_CONSTANT_CONVERSION = YES;
				CLANG_WARN_DIRECT_OBJC_ISA_USAGE = YES_ERROR;
				CLANG_WARN_EMPTY_BODY = YES;
				CLANG_WARN_ENUM_CONVERSION = YES;
				CLANG_WARN_INT_CONVERSION = YES;
				CLANG_WARN_OBJC_ROOT_CLASS = YES_ERROR;
				CLANG_WARN_UNREACHABLE_CODE = YES;
				CLANG_WARN__DUPLICATE_METHOD_MATCH = YES;
				"CODE_SIGN_IDENTITY[sdk=iphoneos*]" = "iPhone Developer";
				COPY_PHASE_STRIP = NO;
				DEBUG_INFORMATION_FORMAT = "dwarf-with-dsym";
				ENABLE_NS_ASSERTIONS = NO;
				ENABLE_STRICT_OBJC_MSGSEND = YES;
				GCC_C_LANGUAGE_STANDARD = gnu99;
				GCC_NO_COMMON_BLOCKS = YES;
				GCC_WARN_64_TO_32_BIT_CONVERSION = YES;
				GCC_WARN_ABOUT_RETURN_TYPE = YES_ERROR;
				GCC_WARN_UNDECLARED_SELECTOR = YES;
				GCC_WARN_UNINITIALIZED_AUTOS = YES_AGGRESSIVE;
				GCC_WARN_UNUSED_FUNCTION = YES;
				GCC_WARN_UNUSED_VARIABLE = YES;
				IPHONEOS_DEPLOYMENT_TARGET = 8.4;
				MTL_ENABLE_DEBUG_INFO = NO;
				SDKROOT = iphoneos;
				TARGETED_DEVICE_FAMILY = "1,2";
				VALIDATE_PRODUCT = YES;
			};
			name = Release;
		};
		8087EE3C1B66D28C009258E5 /* Debug */ = {
			isa = XCBuildConfiguration;
			baseConfigurationReference = 7122C18FA6D8C5E220F46E12 /* Pods-Bubble.debug.xcconfig */;
			buildSettings = {
				ASSETCATALOG_COMPILER_APPICON_NAME = AppIcon;
				INFOPLIST_FILE = Bubble/Info.plist;
				LD_RUNPATH_SEARCH_PATHS = "$(inherited) @executable_path/Frameworks";
				PRODUCT_NAME = "$(TARGET_NAME)";
			};
			name = Debug;
		};
		8087EE3D1B66D28C009258E5 /* Release */ = {
			isa = XCBuildConfiguration;
			baseConfigurationReference = 95BD4CDBE3C4F9A40D0AD9A6 /* Pods-Bubble.release.xcconfig */;
			buildSettings = {
				ASSETCATALOG_COMPILER_APPICON_NAME = AppIcon;
				INFOPLIST_FILE = Bubble/Info.plist;
				LD_RUNPATH_SEARCH_PATHS = "$(inherited) @executable_path/Frameworks";
				PRODUCT_NAME = "$(TARGET_NAME)";
			};
			name = Release;
		};
		8087EE3F1B66D28C009258E5 /* Debug */ = {
			isa = XCBuildConfiguration;
			buildSettings = {
				BUNDLE_LOADER = "$(TEST_HOST)";
				FRAMEWORK_SEARCH_PATHS = (
					"$(SDKROOT)/Developer/Library/Frameworks",
					"$(inherited)",
				);
				GCC_PREPROCESSOR_DEFINITIONS = (
					"DEBUG=1",
					"$(inherited)",
				);
				INFOPLIST_FILE = BubbleTests/Info.plist;
				LD_RUNPATH_SEARCH_PATHS = "$(inherited) @executable_path/Frameworks @loader_path/Frameworks";
				PRODUCT_NAME = "$(TARGET_NAME)";
				TEST_HOST = "$(BUILT_PRODUCTS_DIR)/Bubble.app/Bubble";
			};
			name = Debug;
		};
		8087EE401B66D28C009258E5 /* Release */ = {
			isa = XCBuildConfiguration;
			buildSettings = {
				BUNDLE_LOADER = "$(TEST_HOST)";
				FRAMEWORK_SEARCH_PATHS = (
					"$(SDKROOT)/Developer/Library/Frameworks",
					"$(inherited)",
				);
				INFOPLIST_FILE = BubbleTests/Info.plist;
				LD_RUNPATH_SEARCH_PATHS = "$(inherited) @executable_path/Frameworks @loader_path/Frameworks";
				PRODUCT_NAME = "$(TARGET_NAME)";
				TEST_HOST = "$(BUILT_PRODUCTS_DIR)/Bubble.app/Bubble";
			};
			name = Release;
		};
/* End XCBuildConfiguration section */

/* Begin XCConfigurationList section */
		8087EE131B66D28B009258E5 /* Build configuration list for PBXProject "Bubble" */ = {
			isa = XCConfigurationList;
			buildConfigurations = (
				8087EE391B66D28C009258E5 /* Debug */,
				8087EE3A1B66D28C009258E5 /* Release */,
			);
			defaultConfigurationIsVisible = 0;
			defaultConfigurationName = Release;
		};
		8087EE3B1B66D28C009258E5 /* Build configuration list for PBXNativeTarget "Bubble" */ = {
			isa = XCConfigurationList;
			buildConfigurations = (
				8087EE3C1B66D28C009258E5 /* Debug */,
				8087EE3D1B66D28C009258E5 /* Release */,
			);
			defaultConfigurationIsVisible = 0;
			defaultConfigurationName = Release;
		};
		8087EE3E1B66D28C009258E5 /* Build configuration list for PBXNativeTarget "BubbleTests" */ = {
			isa = XCConfigurationList;
			buildConfigurations = (
				8087EE3F1B66D28C009258E5 /* Debug */,
				8087EE401B66D28C009258E5 /* Release */,
			);
			defaultConfigurationIsVisible = 0;
			defaultConfigurationName = Release;
		};
/* End XCConfigurationList section */
	};
	rootObject = 8087EE101B66D28B009258E5 /* Project object */;
}
